
Microsoft Visual Studio Solution File, Format Version 12.00
# Visual Studio Version 16
VisualStudioVersion = 16.0.29911.84
MinimumVisualStudioVersion = 10.0.40219.1
Project("{9A19103F-16F7-4668-BE54-9A1E7A4F7556}") = "Injector.Tests", "TEST\Injector.Tests\Injector.Tests.csproj", "{E8413DF4-2216-4118-A864-862BF560158C}"
EndProject
Project("{9A19103F-16F7-4668-BE54-9A1E7A4F7556}") = "Injector.Perf", "PERF\Injector.Perf.csproj", "{C062341B-E4CC-40F2-8F13-CCA79C516F90}"
EndProject
Project("{9A19103F-16F7-4668-BE54-9A1E7A4F7556}") = "Injector", "SRC\Injector\Injector.csproj", "{97BAA551-E664-461A-8E8E-CD585E3218DC}"
EndProject
Project("{9A19103F-16F7-4668-BE54-9A1E7A4F7556}") = "Injector.Interfaces", "SRC\Interfaces\Injector.Interfaces.csproj", "{27B5044D-C0AC-4F80-9A4F-832EC3A2E303}"
EndProject
Project("{FAE04EC0-301F-11D3-BF4B-00C04F79EFBC}") = "Injector.Diagnostics", "SRC\Diagnostics\Injector.Diagnostics.csproj", "{5F268BC9-F934-4F44-B17D-83CE7294DD6F}"
EndProject
Global
	GlobalSection(SolutionConfigurationPlatforms) = preSolution
		Debug|Any CPU = Debug|Any CPU
		Perf|Any CPU = Perf|Any CPU
		Release|Any CPU = Release|Any CPU
	EndGlobalSection
	GlobalSection(ProjectConfigurationPlatforms) = postSolution
		{E8413DF4-2216-4118-A864-862BF560158C}.Debug|Any CPU.ActiveCfg = Debug|Any CPU
		{E8413DF4-2216-4118-A864-862BF560158C}.Debug|Any CPU.Build.0 = Debug|Any CPU
		{E8413DF4-2216-4118-A864-862BF560158C}.Perf|Any CPU.ActiveCfg = Debug|Any CPU
		{E8413DF4-2216-4118-A864-862BF560158C}.Release|Any CPU.ActiveCfg = Debug|Any CPU
		{C062341B-E4CC-40F2-8F13-CCA79C516F90}.Debug|Any CPU.ActiveCfg = Debug|Any CPU
		{C062341B-E4CC-40F2-8F13-CCA79C516F90}.Debug|Any CPU.Build.0 = Debug|Any CPU
		{C062341B-E4CC-40F2-8F13-CCA79C516F90}.Perf|Any CPU.ActiveCfg = Release|Any CPU
		{C062341B-E4CC-40F2-8F13-CCA79C516F90}.Perf|Any CPU.Build.0 = Release|Any CPU
		{C062341B-E4CC-40F2-8F13-CCA79C516F90}.Release|Any CPU.ActiveCfg = Debug|Any CPU
		{97BAA551-E664-461A-8E8E-CD585E3218DC}.Debug|Any CPU.ActiveCfg = Debug|Any CPU
		{97BAA551-E664-461A-8E8E-CD585E3218DC}.Debug|Any CPU.Build.0 = Debug|Any CPU
		{97BAA551-E664-461A-8E8E-CD585E3218DC}.Perf|Any CPU.ActiveCfg = Release|Any CPU
		{97BAA551-E664-461A-8E8E-CD585E3218DC}.Perf|Any CPU.Build.0 = Release|Any CPU
		{97BAA551-E664-461A-8E8E-CD585E3218DC}.Release|Any CPU.ActiveCfg = Release|Any CPU
		{97BAA551-E664-461A-8E8E-CD585E3218DC}.Release|Any CPU.Build.0 = Release|Any CPU
		{27B5044D-C0AC-4F80-9A4F-832EC3A2E303}.Debug|Any CPU.ActiveCfg = Debug|Any CPU
		{27B5044D-C0AC-4F80-9A4F-832EC3A2E303}.Debug|Any CPU.Build.0 = Debug|Any CPU
		{27B5044D-C0AC-4F80-9A4F-832EC3A2E303}.Perf|Any CPU.ActiveCfg = Release|Any CPU
		{27B5044D-C0AC-4F80-9A4F-832EC3A2E303}.Perf|Any CPU.Build.0 = Release|Any CPU
		{27B5044D-C0AC-4F80-9A4F-832EC3A2E303}.Release|Any CPU.ActiveCfg = Release|Any CPU
		{27B5044D-C0AC-4F80-9A4F-832EC3A2E303}.Release|Any CPU.Build.0 = Release|Any CPU
		{5F268BC9-F934-4F44-B17D-83CE7294DD6F}.Debug|Any CPU.ActiveCfg = Debug|Any CPU
		{5F268BC9-F934-4F44-B17D-83CE7294DD6F}.Debug|Any CPU.Build.0 = Debug|Any CPU
		{5F268BC9-F934-4F44-B17D-83CE7294DD6F}.Perf|Any CPU.ActiveCfg = Debug|Any CPU
		{5F268BC9-F934-4F44-B17D-83CE7294DD6F}.Perf|Any CPU.Build.0 = Debug|Any CPU
		{5F268BC9-F934-4F44-B17D-83CE7294DD6F}.Release|Any CPU.ActiveCfg = Release|Any CPU
		{5F268BC9-F934-4F44-B17D-83CE7294DD6F}.Release|Any CPU.Build.0 = Release|Any CPU
	EndGlobalSection
	GlobalSection(SolutionProperties) = preSolution
		HideSolutionNode = FALSE
	EndGlobalSection
	GlobalSection(ExtensibilityGlobals) = postSolution
		SolutionGuid = {84F852BD-FA4C-4A47-91B3-FDEDC2E614E5}
	EndGlobalSection
EndGlobal
